
Microsoft Visual Studio Solution File, Format Version 12.00
# Visual Studio Version 17
VisualStudioVersion = 17.13.35931.197
MinimumVisualStudioVersion = 10.0.40219.1
Project("{FAE04EC0-301F-11D3-BF4B-00C04F79EFBC}") = "Whitelist", "Whitelist.csproj", "{965FC5FF-D20E-498A-81A4-AFE3BBDCDE06}"
EndProject
Project("{FAE04EC0-301F-11D3-BF4B-00C04F79EFBC}") = "Cove", "..\CovePlugins\WebFishingCove\Cove\Cove.csproj", "{FB8F19B6-17F1-CFC0-974F-7DD6F06AEED1}"
EndProject
Global
	GlobalSection(SolutionConfigurationPlatforms) = preSolution
		Debug|Any CPU = Debug|Any CPU
		Release|Any CPU = Release|Any CPU
	EndGlobalSection
	GlobalSection(ProjectConfigurationPlatforms) = postSolution
		{965FC5FF-D20E-498A-81A4-AFE3BBDCDE06}.Debug|Any CPU.ActiveCfg = Debug|Any CPU
		{965FC5FF-D20E-498A-81A4-AFE3BBDCDE06}.Debug|Any CPU.Build.0 = Debug|Any CPU
		{965FC5FF-D20E-498A-81A4-AFE3BBDCDE06}.Release|Any CPU.ActiveCfg = Release|Any CPU
		{965FC5FF-D20E-498A-81A4-AFE3BBDCDE06}.Release|Any CPU.Build.0 = Release|Any CPU
		{FB8F19B6-17F1-CFC0-974F-7DD6F06AEED1}.Debug|Any CPU.ActiveCfg = Debug|Any CPU
		{FB8F19B6-17F1-CFC0-974F-7DD6F06AEED1}.Debug|Any CPU.Build.0 = Debug|Any CPU
		{FB8F19B6-17F1-CFC0-974F-7DD6F06AEED1}.Release|Any CPU.ActiveCfg = Release|Any CPU
		{FB8F19B6-17F1-CFC0-974F-7DD6F06AEED1}.Release|Any CPU.Build.0 = Release|Any CPU
	EndGlobalSection
	GlobalSection(SolutionProperties) = preSolution
		HideSolutionNode = FALSE
	EndGlobalSection
	GlobalSection(ExtensibilityGlobals) = postSolution
		SolutionGuid = {C25369E8-3404-4728-820E-19C75CFD1CAC}
	EndGlobalSection
EndGlobal
